
Microsoft Visual Studio Solution File, Format Version 12.00
# Visual Studio Version 16
VisualStudioVersion = 16.0.32602.291
MinimumVisualStudioVersion = 10.0.40219.1
Project("{FAE04EC0-301F-11D3-BF4B-00C04F79EFBC}") = "HomeW10_calculate", "HomeW10_calculate\HomeW10_calculate.csproj", "{AF6F1E11-004E-4866-B494-7E1895A9E398}"
EndProject
Global
	GlobalSection(SolutionConfigurationPlatforms) = preSolution
		Debug|Any CPU = Debug|Any CPU
		Release|Any CPU = Release|Any CPU
	EndGlobalSection
	GlobalSection(ProjectConfigurationPlatforms) = postSolution
		{AF6F1E11-004E-4866-B494-7E1895A9E398}.Debug|Any CPU.ActiveCfg = Debug|Any CPU
		{AF6F1E11-004E-4866-B494-7E1895A9E398}.Debug|Any CPU.Build.0 = Debug|Any CPU
		{AF6F1E11-004E-4866-B494-7E1895A9E398}.Release|Any CPU.ActiveCfg = Release|Any CPU
		{AF6F1E11-004E-4866-B494-7E1895A9E398}.Release|Any CPU.Build.0 = Release|Any CPU
	EndGlobalSection
	GlobalSection(SolutionProperties) = preSolution
		HideSolutionNode = FALSE
	EndGlobalSection
	GlobalSection(ExtensibilityGlobals) = postSolution
		SolutionGuid = {FC5B27C6-EC8D-4F0A-BEE4-15C32D11A003}
	EndGlobalSection
EndGlobal
